{"hash":"2ea0d453bcc2b73b0d704b3a34eae3ae","packages":[{"package":"willdurand\/geocoder","version":"master-dev"},{"package":"symfony\/config","version":"2.1.0-dev"},{"package":"symfony\/yaml","version":"2.1.0-dev"},{"package":"behat\/gherkin","version":"v1.1.4"},{"package":"symfony\/finder","version":"2.1.0-dev"},{"package":"symfony\/translation","version":"2.1.0-dev"},{"package":"symfony\/event-dispatcher","version":"2.1.0-dev"},{"package":"symfony\/dependency-injection","version":"2.1.0-dev"},{"package":"symfony\/console","version":"2.1.0-dev"},{"package":"behat\/behat","version":"master-dev"},{"package":"behat\/common-contexts","version":"master-dev"}]}